# THIS IS AN AUTOGENERATED FILE. DO NOT EDIT THIS FILE DIRECTLY.
# yarn lockfile v1


daisyui@^5.5.19:
  version "5.5.19"
  resolved "https://registry.yarnpkg.com/daisyui/-/daisyui-5.5.19.tgz#9aa962243c32c39d8e8f3eb187e48092bcd186fc"
  integrity sha512-pbFAkl1VCEh/MPCeclKL61I/MqRIFFhNU7yiXoDDRapXN4/qNCoMxeCCswyxEEhqL5eiTTfwHvucFtOE71C9sA==
