# THIS IS AN AUTOGENERATED FILE. DO NOT EDIT THIS FILE DIRECTLY.
# yarn lockfile v1


"@rails/actiontext@^8.1.200":
  version "8.1.200"
  resolved "https://registry.yarnpkg.com/@rails/actiontext/-/actiontext-8.1.200.tgz#b49f52cdb028c4aa3f0758c8fc7c51092b3c2d3b"
  integrity sha512-l4OuFLZbQB+A3yCNOzX0Y4Tn7XSekfuYjy20TiBuf+4Q5JKTnfuybHrQ5cDk/9DbwWE9sdWcdbODFUIYd4tczg==
  dependencies:
    "@rails/activestorage" ">= 8.1.0-alpha"

"@rails/activestorage@>= 8.1.0-alpha":
  version "8.1.200"
  resolved "https://registry.yarnpkg.com/@rails/activestorage/-/activestorage-8.1.200.tgz#335fe28c4652b636a5d65069c96ff33507e574e8"
  integrity sha512-bPZqv447REBd1NQfba//FjgUqbUd93zKh7+BWhh3vRZ7Nm+RUgm6c5GbWctmik/rMHjsruTHhusYGyoKyf60pg==
  dependencies:
    spark-md5 "^3.0.1"

"@types/trusted-types@^2.0.7":
  version "2.0.7"
  resolved "https://registry.yarnpkg.com/@types/trusted-types/-/trusted-types-2.0.7.tgz#baccb07a970b91707df3a3e8ba6896c57ead2d11"
  integrity sha512-ScaPdn1dQczgbl0QFTeTOmVHFULt394XJgOQNoyVhZ6r2vLnMLJfBPd53SB52T/3G36VI1/g2MZaX0cwDuXsfw==

daisyui@^5.5.19:
  version "5.5.19"
  resolved "https://registry.yarnpkg.com/daisyui/-/daisyui-5.5.19.tgz#9aa962243c32c39d8e8f3eb187e48092bcd186fc"
  integrity sha512-pbFAkl1VCEh/MPCeclKL61I/MqRIFFhNU7yiXoDDRapXN4/qNCoMxeCCswyxEEhqL5eiTTfwHvucFtOE71C9sA==

dompurify@^3.2.5:
  version "3.3.2"
  resolved "https://registry.yarnpkg.com/dompurify/-/dompurify-3.3.2.tgz#58c515d0f8508b8749452a028aa589ad80b36325"
  integrity sha512-6obghkliLdmKa56xdbLOpUZ43pAR6xFy1uOrxBaIDjT+yaRuuybLjGS9eVBoSR/UPU5fq3OXClEHLJNGvbxKpQ==
  optionalDependencies:
    "@types/trusted-types" "^2.0.7"

spark-md5@^3.0.1:
  version "3.0.2"
  resolved "https://registry.yarnpkg.com/spark-md5/-/spark-md5-3.0.2.tgz#7952c4a30784347abcee73268e473b9c0167e3fc"
  integrity sha512-wcFzz9cDfbuqe0FZzfi2or1sgyIrsDwmPwfZC4hiNidPdPINjeUwNfv5kldczoEAcjl9Y1L3SM7Uz2PUEQzxQw==

trix@^2.1.16:
  version "2.1.16"
  resolved "https://registry.yarnpkg.com/trix/-/trix-2.1.16.tgz#601be839258b87cc83019915650c50eb7cbc161e"
  integrity sha512-XtZgWI+oBvLzX7CWnkIf+ZWC+chL+YG/TkY43iMTV0Zl+CJjn18B1GJUCEWJ8qgfpcyMBuysnNAfPWiv2sV14A==
  dependencies:
    dompurify "^3.2.5"
